# Everything the kernel build is pinned to. build/build-kernel.sh reads this
# file; nothing else should hardcode these values.
#
# Changing any line here changes the resulting kernel binary. Treat an edit as
# a real change: rebuild, flash, boot-test, then commit with the evidence.

# Upstream kernel tree. Linux 4.14.194, Exynos 9610, maintained by FreshROMs.
# We do not fork it - our own changes are the patch series in kernel/patches/.
KERNEL_REPO=https://github.com/FreshROMs/android_kernel_samsung_exynos9610_mint
KERNEL_BRANCH=android-14.0
KERNEL_COMMIT=bec0c2aff1ee8a02ac9f582d60fe611f1d2bc939

# Durability mirror. This is a real GitHub fork of KERNEL_REPO, owned by this
# project, and it contains KERNEL_COMMIT - verified, not assumed. build-kernel.sh
# falls back to it if the upstream fetch fails, so the build survives upstream
# disappearing, going private, or rewriting history. Being a fork it costs
# nothing to keep and needs no syncing: the pinned commit is already in it.
KERNEL_MIRROR=https://github.com/sadatdaniel/android_kernel_samsung_exynos9610_mint

# Toolchain: Proton Clang, as shipped by the same people who maintain the
# kernel tree. build.sh clones this itself and then runs `git pull` on it,
# which would silently move the build off any pin - so build-kernel.sh clones
# it at this exact commit in DETACHED HEAD state, where that `git pull` fails
# harmlessly instead of advancing the toolchain under us.
TOOLCHAIN_REPO=https://gitlab.com/TenSeventy7/exynos9610_toolchains_fresh.git
TOOLCHAIN_BRANCH=proton
TOOLCHAIN_COMMIT=32074ae4fc8e2269569fdff26a22da037388c3e3
TOOLCHAIN_DESC=proton-clang 210521

# build.sh arguments. Both are mandatory; a bare invocation only prints usage.
BUILD_DEVICE=a50
BUILD_VARIANT=recovery

# Hard limit from the device's own boot partition. A larger image does not
# fail to flash - `dd` silently truncates it and the device will not boot.
BOOT_PARTITION_BYTES=57671680

# Fixed clock for the build, so two builds of the same pin produce byte-identical
# artifacts. This is the upstream kernel commit's own author date, which makes it
# a property of the pin rather than an arbitrary constant. It feeds
# SOURCE_DATE_EPOCH and KBUILD_BUILD_TIMESTAMP; changing it changes every output
# hash. 1763150940 = 2025-11-14T20:09:00Z.
SOURCE_DATE_EPOCH=1763150940

# Fixed identity in the kernel banner. Without these the builder's username and
# hostname end up compiled into the image.
KBUILD_BUILD_USER=a50-halium
KBUILD_BUILD_HOST=reproducible

# Parallelism is meant to be pinned, not taken from the build machine, because
# this kernel links with LTO and LLVM's LTO codegen can partition differently
# depending on how many jobs it is given - changing the emitted code and the
# artifact hash. Overriding it with --jobs is allowed for a quick local
# compile, but the output is then not comparable to a CI build.
#
# CORRECTION, 2026-09-01: this pin does not reach the compiler. The vendor
# kernel tree's own build.sh shadows it - BUILD_KERNEL() declares
# `local JOBS; JOBS="$(nproc --all)"`, which overrides any exported JOBS
# unconditionally. build-kernel.sh now refuses to build when
# `nproc --all` != BUILD_JOBS, rather than silently building at a different
# -j and calling the result comparable. Set this to whatever your build
# machines actually report, or constrain them (e.g. `docker run --cpus=N`) to
# match this value - see build/build-kernel.sh for the check and why it
# exists.
BUILD_JOBS=4
